
Microsoft Visual Studio Solution File, Format Version 12.00
# Visual Studio Version 16
VisualStudioVersion = 16.0.34301.259
MinimumVisualStudioVersion = 10.0.40219.1
Project("{FAE04EC0-301F-11D3-BF4B-00C04F79EFBC}") = "WpfOpenTK", "WpfOpenTK\WpfOpenTK.csproj", "{E1CADA90-61E7-49BD-BA61-D23D2C271208}"
EndProject
Global
	GlobalSection(SolutionConfigurationPlatforms) = preSolution
		Debug|Any CPU = Debug|Any CPU
		Release|Any CPU = Release|Any CPU
	EndGlobalSection
	GlobalSection(ProjectConfigurationPlatforms) = postSolution
		{E1CADA90-61E7-49BD-BA61-D23D2C271208}.Debug|Any CPU.ActiveCfg = Debug|Any CPU
		{E1CADA90-61E7-49BD-BA61-D23D2C271208}.Debug|Any CPU.Build.0 = Debug|Any CPU
		{E1CADA90-61E7-49BD-BA61-D23D2C271208}.Release|Any CPU.ActiveCfg = Release|Any CPU
		{E1CADA90-61E7-49BD-BA61-D23D2C271208}.Release|Any CPU.Build.0 = Release|Any CPU
	EndGlobalSection
	GlobalSection(SolutionProperties) = preSolution
		HideSolutionNode = FALSE
	EndGlobalSection
	GlobalSection(ExtensibilityGlobals) = postSolution
		SolutionGuid = {00908F65-8D20-438A-9C77-D9F216D64CE2}
	EndGlobalSection
EndGlobal
